
Microsoft Visual Studio Solution File, Format Version 12.00
# Visual Studio Version 16
VisualStudioVersion = 16.0.30621.155
MinimumVisualStudioVersion = 10.0.40219.1
Project("{FAE04EC0-301F-11D3-BF4B-00C04F79EFBC}") = "TestTaskEF", "TestTaskEF.csproj", "{94C20FE6-2718-48A8-AC2A-33935E371F22}"
EndProject
Global
	GlobalSection(SolutionConfigurationPlatforms) = preSolution
		Debug|Any CPU = Debug|Any CPU
		Release|Any CPU = Release|Any CPU
	EndGlobalSection
	GlobalSection(ProjectConfigurationPlatforms) = postSolution
		{94C20FE6-2718-48A8-AC2A-33935E371F22}.Debug|Any CPU.ActiveCfg = Debug|Any CPU
		{94C20FE6-2718-48A8-AC2A-33935E371F22}.Debug|Any CPU.Build.0 = Debug|Any CPU
		{94C20FE6-2718-48A8-AC2A-33935E371F22}.Release|Any CPU.ActiveCfg = Release|Any CPU
		{94C20FE6-2718-48A8-AC2A-33935E371F22}.Release|Any CPU.Build.0 = Release|Any CPU
	EndGlobalSection
	GlobalSection(SolutionProperties) = preSolution
		HideSolutionNode = FALSE
	EndGlobalSection
	GlobalSection(ExtensibilityGlobals) = postSolution
		SolutionGuid = {8B92078F-FC45-42C4-ACE8-DFBEBE067E17}
	EndGlobalSection
EndGlobal
